
Microsoft Visual Studio Solution File, Format Version 12.00
# Visual Studio 15
VisualStudioVersion = 15.0.25920.0
MinimumVisualStudioVersion = 10.0.40219.1
Project("{FAE04EC0-301F-11D3-BF4B-00C04F79EFBC}") = "BlackJack.View", "BlackJack\BlackJack.View.csproj", "{2E09608D-0C22-4F49-BAB1-ABBD27B26085}"
EndProject
Project("{FAE04EC0-301F-11D3-BF4B-00C04F79EFBC}") = "BlackJack.Model", "BlackJack.Model\BlackJack.Model.csproj", "{0FF8E890-F9F2-44A8-A89F-ADA981E4FDB9}"
EndProject
Project("{FAE04EC0-301F-11D3-BF4B-00C04F79EFBC}") = "BlackJack.ViewModel", "BlackJack.ViewModel\BlackJack.ViewModel.csproj", "{0D4D48B8-2E7D-42B8-A967-E5BCD1A378A7}"
EndProject
Global
	GlobalSection(SolutionConfigurationPlatforms) = preSolution
		Debug|Any CPU = Debug|Any CPU
		Release|Any CPU = Release|Any CPU
	EndGlobalSection
	GlobalSection(ProjectConfigurationPlatforms) = postSolution
		{2E09608D-0C22-4F49-BAB1-ABBD27B26085}.Debug|Any CPU.ActiveCfg = Debug|Any CPU
		{2E09608D-0C22-4F49-BAB1-ABBD27B26085}.Debug|Any CPU.Build.0 = Debug|Any CPU
		{2E09608D-0C22-4F49-BAB1-ABBD27B26085}.Release|Any CPU.ActiveCfg = Release|Any CPU
		{2E09608D-0C22-4F49-BAB1-ABBD27B26085}.Release|Any CPU.Build.0 = Release|Any CPU
		{0FF8E890-F9F2-44A8-A89F-ADA981E4FDB9}.Debug|Any CPU.ActiveCfg = Debug|Any CPU
		{0FF8E890-F9F2-44A8-A89F-ADA981E4FDB9}.Debug|Any CPU.Build.0 = Debug|Any CPU
		{0FF8E890-F9F2-44A8-A89F-ADA981E4FDB9}.Release|Any CPU.ActiveCfg = Release|Any CPU
		{0FF8E890-F9F2-44A8-A89F-ADA981E4FDB9}.Release|Any CPU.Build.0 = Release|Any CPU
		{0D4D48B8-2E7D-42B8-A967-E5BCD1A378A7}.Debug|Any CPU.ActiveCfg = Debug|Any CPU
		{0D4D48B8-2E7D-42B8-A967-E5BCD1A378A7}.Debug|Any CPU.Build.0 = Debug|Any CPU
		{0D4D48B8-2E7D-42B8-A967-E5BCD1A378A7}.Release|Any CPU.ActiveCfg = Release|Any CPU
		{0D4D48B8-2E7D-42B8-A967-E5BCD1A378A7}.Release|Any CPU.Build.0 = Release|Any CPU
	EndGlobalSection
	GlobalSection(SolutionProperties) = preSolution
		HideSolutionNode = FALSE
	EndGlobalSection
EndGlobal
